
Microsoft Visual Studio Solution File, Format Version 12.00
# Visual Studio Version 17
VisualStudioVersion = 17.5.33502.453
MinimumVisualStudioVersion = 10.0.40219.1
Project("{FAE04EC0-301F-11D3-BF4B-00C04F79EFBC}") = "ASPDotNetCRUDApp", "ASPDotNetCRUDApp.csproj", "{C6B73FA3-E09A-484D-9D3A-F6365D86AB3C}"
EndProject
Global
	GlobalSection(SolutionConfigurationPlatforms) = preSolution
		Debug|Any CPU = Debug|Any CPU
		Release|Any CPU = Release|Any CPU
	EndGlobalSection
	GlobalSection(ProjectConfigurationPlatforms) = postSolution
		{C6B73FA3-E09A-484D-9D3A-F6365D86AB3C}.Debug|Any CPU.ActiveCfg = Debug|Any CPU
		{C6B73FA3-E09A-484D-9D3A-F6365D86AB3C}.Debug|Any CPU.Build.0 = Debug|Any CPU
		{C6B73FA3-E09A-484D-9D3A-F6365D86AB3C}.Release|Any CPU.ActiveCfg = Release|Any CPU
		{C6B73FA3-E09A-484D-9D3A-F6365D86AB3C}.Release|Any CPU.Build.0 = Release|Any CPU
	EndGlobalSection
	GlobalSection(SolutionProperties) = preSolution
		HideSolutionNode = FALSE
	EndGlobalSection
	GlobalSection(ExtensibilityGlobals) = postSolution
		SolutionGuid = {053720F7-0FF1-476C-8605-96DDA5B8BEFC}
	EndGlobalSection
EndGlobal
